{
  "name": "css",
  "version": "1.0.0",
  "lockfileVersion": 3,
  "requires": true,
  "packages": {
    "": {
      "name": "css",
      "version": "1.0.0",
      "license": "ISC",
      "dependencies": {
        "vexflow": "^4.2.4"
      }
    },
    "node_modules/vexflow": {
      "version": "4.2.4",
      "resolved": "https://registry.npmjs.org/vexflow/-/vexflow-4.2.4.tgz",
      "integrity": "sha512-bRjTNMPx/wRsBLvmBNqm0Gn+vonOGg6Nf4wt3JIEwdsqxu7kETTZpX/seBe8v6qd8O8zCiL1uBqxKGuBgL6wDw=="
    }
  }
}
